{
  "pins" : [
    {
      "identity" : "iosintpackage",
      "kind" : "remoteSourceControl",
      "location" : "https://github.com/TrueMax/iOSIntPackage.git",
      "state" : {
        "branch" : "imagepublisher",
        "revision" : "e1cc0e1b76d7cb8f770d903d85ae9ed91ae026bd"
      }
    },
    {
      "identity" : "realm-core",
      "kind" : "remoteSourceControl",
      "location" : "https://github.com/realm/realm-core",
      "state" : {
        "revision" : "472d325a2e844fcb48c400db74e6b9646f92ca93",
        "version" : "11.15.0"
      }
    },
    {
      "identity" : "realm-swift",
      "kind" : "remoteSourceControl",
      "location" : "https://github.com/realm/realm-swift.git",
      "state" : {
        "branch" : "master",
        "revision" : "c4b36c55ebf5e7f37746f80de50b9b4389d7e548"
      }
    },
    {
      "identity" : "youtube-ios-player-helper",
      "kind" : "remoteSourceControl",
      "location" : "https://github.com/youtube/youtube-ios-player-helper",
      "state" : {
        "branch" : "master",
        "revision" : "f57129cd4380ec0a74dd3a59da3270a1d653d59b"
      }
    }
  ],
  "version" : 2
}
